
Microsoft Visual Studio Solution File, Format Version 12.00
# Visual Studio Version 16
VisualStudioVersion = 16.0.31515.178
MinimumVisualStudioVersion = 10.0.40219.1
Project("{FAE04EC0-301F-11D3-BF4B-00C04F79EFBC}") = "Ariza_Talep_2", "Ariza_Talep_2\Ariza_Talep_2.csproj", "{EF9E7EAA-9D3F-4C4A-ADCB-A0ABC6FFCB79}"
EndProject
Project("{54435603-DBB4-11D2-8724-00A0C9A8B90C}") = "Ariza_Talep_Formu", "Ariza_Talep_Formu\Ariza_Talep_Formu.vdproj", "{34D41630-30FE-4E08-92F9-726BCE5EA458}"
EndProject
Global
	GlobalSection(SolutionConfigurationPlatforms) = preSolution
		Debug|Any CPU = Debug|Any CPU
		Release|Any CPU = Release|Any CPU
	EndGlobalSection
	GlobalSection(ProjectConfigurationPlatforms) = postSolution
		{EF9E7EAA-9D3F-4C4A-ADCB-A0ABC6FFCB79}.Debug|Any CPU.ActiveCfg = Debug|Any CPU
		{EF9E7EAA-9D3F-4C4A-ADCB-A0ABC6FFCB79}.Debug|Any CPU.Build.0 = Debug|Any CPU
		{EF9E7EAA-9D3F-4C4A-ADCB-A0ABC6FFCB79}.Release|Any CPU.ActiveCfg = Release|Any CPU
		{EF9E7EAA-9D3F-4C4A-ADCB-A0ABC6FFCB79}.Release|Any CPU.Build.0 = Release|Any CPU
		{34D41630-30FE-4E08-92F9-726BCE5EA458}.Debug|Any CPU.ActiveCfg = Debug
		{34D41630-30FE-4E08-92F9-726BCE5EA458}.Release|Any CPU.ActiveCfg = Release
	EndGlobalSection
	GlobalSection(SolutionProperties) = preSolution
		HideSolutionNode = FALSE
	EndGlobalSection
	GlobalSection(ExtensibilityGlobals) = postSolution
		SolutionGuid = {063A99D6-51E2-440C-B612-A1C88968834F}
	EndGlobalSection
EndGlobal
